// !$*UTF8*$!
{
	archiveVersion = 1;
	classes = {
	};
	objectVersion = 46;
	objects = {

/* Begin PBXBuildFile section */
		AFD2C784203D50210097BF0C /* AppDelegate.swift in Sources */ = {isa = PBXBuildFile; fileRef = AFD2C783203D50210097BF0C /* AppDelegate.swift */; };
		AFD2C786203D50210097BF0C /* ViewController.swift in Sources */ = {isa = PBXBuildFile; fileRef = AFD2C785203D50210097BF0C /* ViewController.swift */; };
		AFD2C789203D50210097BF0C /* Main.storyboard in Resources */ = {isa = PBXBuildFile; fileRef = AFD2C787203D50210097BF0C /* Main.storyboard */; };
		AFD2C78B203D50210097BF0C /* Assets.xcassets in Resources */ = {isa = PBXBuildFile; fileRef = AFD2C78A203D50210097BF0C /* Assets.xcassets */; };
		AFD2C78E203D50210097BF0C /* LaunchScreen.storyboard in Resources */ = {isa = PBXBuildFile; fileRef = AFD2C78C203D50210097BF0C /* LaunchScreen.storyboard */; };
/* End PBXBuildFile section */

/* Begin PBXFileReference section */
		AFD2C780203D50210097BF0C /* UpdateLabelSize.app */ = {isa = PBXFileReference; explicitFileType = wrapper.application; includeInIndex = 0; path = UpdateLabelSize.app; sourceTree = BUILT_PRODUCTS_DIR; };
		AFD2C783203D50210097BF0C /* AppDelegate.swift */ = {isa = PBXFileReference; lastKnownFileType = sourcecode.swift; path = AppDelegate.swift; sourceTree = "<group>"; };
		AFD2C785203D50210097BF0C /* ViewController.swift */ = {isa = PBXFileReference; lastKnownFileType = sourcecode.swift; path = ViewController.swift; sourceTree = "<group>"; };
		AFD2C788203D50210097BF0C /* Base */ = {isa = PBXFileReference; lastKnownFileType = file.storyboard; name = Base; path = Base.lproj/Main.storyboard; sourceTree = "<group>"; };
		AFD2C78A203D50210097BF0C /* Assets.xcassets */ = {isa = PBXFileReference; lastKnownFileType = folder.assetcatalog; path = Assets.xcassets; sourceTree = "<group>"; };
		AFD2C78D203D50210097BF0C /* Base */ = {isa = PBXFileReference; lastKnownFileType = file.storyboard; name = Base; path = Base.lproj/LaunchScreen.storyboard; sourceTree = "<group>"; };
		AFD2C78F203D50210097BF0C /* Info.plist */ = {isa = PBXFileReference; lastKnownFileType = text.plist.xml; path = Info.plist; sourceTree = "<group>"; };
/* End PBXFileReference section */

/* Begin PBXFrameworksBuildPhase section */
		AFD2C77D203D50210097BF0C /* Frameworks */ = {
			isa = PBXFrameworksBuildPhase;
			buildActionMask = 2147483647;
			files = (
			);
			runOnlyForDeploymentPostprocessing = 0;
		};
/* End PBXFrameworksBuildPhase section */

/* Begin PBXGroup section */
		AFD2C777203D50210097BF0C = {
			isa = PBXGroup;
			children = (
				AFD2C782203D50210097BF0C /* LabelAndImage */,
				AFD2C781203D50210097BF0C /* Products */,
			);
			sourceTree = "<group>";
		};
		AFD2C781203D50210097BF0C /* Products */ = {
			isa = PBXGroup;
			children = (
				AFD2C780203D50210097BF0C /* UpdateLabelSize.app */,
			);
			name = Products;
			sourceTree = "<group>";
		};
		AFD2C782203D50210097BF0C /* LabelAndImage */ = {
			isa = PBXGroup;
			children = (
				AFD2C783203D50210097BF0C /* AppDelegate.swift */,
				AFD2C785203D50210097BF0C /* ViewController.swift */,
				AFD2C787203D50210097BF0C /* Main.storyboard */,
				AFD2C78A203D50210097BF0C /* Assets.xcassets */,
				AFD2C78C203D50210097BF0C /* LaunchScreen.storyboard */,
				AFD2C78F203D50210097BF0C /* Info.plist */,
			);
			path = LabelAndImage;
			sourceTree = "<group>";
		};
/* End PBXGroup section */

/* Begin PBXNativeTarget section */
		AFD2C77F203D50210097BF0C /* UpdateLabelSize */ = {
			isa = PBXNativeTarget;
			buildConfigurationList = AFD2C792203D50210097BF0C /* Build configuration list for PBXNativeTarget "UpdateLabelSize" */;
			buildPhases = (
				AFD2C77C203D50210097BF0C /* Sources */,
				AFD2C77D203D50210097BF0C /* Frameworks */,
				AFD2C77E203D50210097BF0C /* Resources */,
			);
			buildRules = (
			);
			dependencies = (
			);
			name = UpdateLabelSize;
			productName = LabelAndImage;
			productReference = AFD2C780203D50210097BF0C /* UpdateLabelSize.app */;
			productType = "com.apple.product-type.application";
		};
/* End PBXNativeTarget section */

/* Begin PBXProject section */
		AFD2C778203D50210097BF0C /* Project object */ = {
			isa = PBXProject;
			attributes = {
				LastSwiftUpdateCheck = 0830;
				LastUpgradeCheck = 0830;
				ORGANIZATIONNAME = "hamed akhlaghi";
				TargetAttributes = {
					AFD2C77F203D50210097BF0C = {
						CreatedOnToolsVersion = 8.3.1;
						DevelopmentTeam = E8R89PF79F;
						ProvisioningStyle = Automatic;
					};
				};
			};
			buildConfigurationList = AFD2C77B203D50210097BF0C /* Build configuration list for PBXProject "UpdateLabelSize" */;
			compatibilityVersion = "Xcode 3.2";
			developmentRegion = English;
			hasScannedForEncodings = 0;
			knownRegions = (
				en,
				Base,
			);
			mainGroup = AFD2C777203D50210097BF0C;
			productRefGroup = AFD2C781203D50210097BF0C /* Products */;
			projectDirPath = "";
			projectRoot = "";
			targets = (
				AFD2C77F203D50210097BF0C /* UpdateLabelSize */,
			);
		};
/* End PBXProject section */

/* Begin PBXResourcesBuildPhase section */
		AFD2C77E203D50210097BF0C /* Resources */ = {
			isa = PBXResourcesBuildPhase;
			buildActionMask = 2147483647;
			files = (
				AFD2C78E203D50210097BF0C /* LaunchScreen.storyboard in Resources */,
				AFD2C78B203D50210097BF0C /* Assets.xcassets in Resources */,
				AFD2C789203D50210097BF0C /* Main.storyboard in Resources */,
			);
			runOnlyForDeploymentPostprocessing = 0;
		};
/* End PBXResourcesBuildPhase section */

/* Begin PBXSourcesBuildPhase section */
		AFD2C77C203D50210097BF0C /* Sources */ = {
			isa = PBXSourcesBuildPhase;
			buildActionMask = 2147483647;
			files = (
				AFD2C786203D50210097BF0C /* ViewController.swift in Sources */,
				AFD2C784203D50210097BF0C /* AppDelegate.swift in Sources */,
			);
			runOnlyForDeploymentPostprocessing = 0;
		};
/* End PBXSourcesBuildPhase section */

/* Begin PBXVariantGroup section */
		AFD2C787203D50210097BF0C /* Main.storyboard */ = {
			isa = PBXVariantGroup;
			children = (
				AFD2C788203D50210097BF0C /* Base */,
			);
			name = Main.storyboard;
			sourceTree = "<group>";
		};
		AFD2C78C203D50210097BF0C /* LaunchScreen.storyboard */ = {
			isa = PBXVariantGroup;
			children = (
				AFD2C78D203D50210097BF0C /* Base */,
			);
			name = LaunchScreen.storyboard;
			sourceTree = "<group>";
		};
/* End PBXVariantGroup section */

/* Begin XCBuildConfiguration section */
		AFD2C790203D50210097BF0C /* Debug */ = {
			isa = XCBuildConfiguration;
			buildSettings = {
				ALWAYS_SEARCH_USER_PATHS = NO;
				CLANG_ANALYZER_NONNULL = YES;
				CLANG_ANALYZER_NUMBER_OBJECT_CONVERSION = YES_AGGRESSIVE;
				CLANG_CXX_LANGUAGE_STANDARD = "gnu++0x";
				CLANG_CXX_LIBRARY = "libc++";
				CLANG_ENABLE_MODULES = YES;
				CLANG_ENABLE_OBJC_ARC = YES;
				CLANG_WARN_BOOL_CONVERSION = YES;
				CLANG_WARN_CONSTANT_CONVERSION = YES;
				CLANG_WARN_DIRECT_OBJC_ISA_USAGE = YES_ERROR;
				CLANG_WARN_DOCUMENTATION_COMMENTS = YES;
				CLANG_WARN_EMPTY_BODY = YES;
				CLANG_WARN_ENUM_CONVERSION = YES;
				CLANG_WARN_INFINITE_RECURSION = YES;
				CLANG_WARN_INT_CONVERSION = YES;
				CLANG_WARN_OBJC_ROOT_CLASS = YES_ERROR;
				CLANG_WARN_SUSPICIOUS_MOVE = YES;
				CLANG_WARN_UNREACHABLE_CODE = YES;
				CLANG_WARN__DUPLICATE_METHOD_MATCH = YES;
				"CODE_SIGN_IDENTITY[sdk=iphoneos*]" = "iPhone Developer";
				COPY_PHASE_STRIP = NO;
				DEBUG_INFORMATION_FORMAT = dwarf;
				ENABLE_STRICT_OBJC_MSGSEND = YES;
				ENABLE_TESTABILITY = YES;
				GCC_C_LANGUAGE_STANDARD = gnu99;
				GCC_DYNAMIC_NO_PIC = NO;
				GCC_NO_COMMON_BLOCKS = YES;
				GCC_OPTIMIZATION_LEVEL = 0;
				GCC_PREPROCESSOR_DEFINITIONS = (
					"DEBUG=1",
					"$(inherited)",
				);
				GCC_WARN_64_TO_32_BIT_CONVERSION = YES;
				GCC_WARN_ABOUT_RETURN_TYPE = YES_ERROR;
				GCC_WARN_UNDECLARED_SELECTOR = YES;
				GCC_WARN_UNINITIALIZED_AUTOS = YES_AGGRESSIVE;
				GCC_WARN_UNUSED_FUNCTION = YES;
				GCC_WARN_UNUSED_VARIABLE = YES;
				IPHONEOS_DEPLOYMENT_TARGET = 10.3;
				MTL_ENABLE_DEBUG_INFO = YES;
				ONLY_ACTIVE_ARCH = YES;
				SDKROOT = iphoneos;
				SWIFT_ACTIVE_COMPILATION_CONDITIONS = DEBUG;
				SWIFT_OPTIMIZATION_LEVEL = "-Onone";
				TARGETED_DEVICE_FAMILY = "1,2";
			};
			name = Debug;
		};
		AFD2C791203D50210097BF0C /* Release */ = {
			isa = XCBuildConfiguration;
			buildSettings = {
				ALWAYS_SEARCH_USER_PATHS = NO;
				CLANG_ANALYZER_NONNULL = YES;
				CLANG_ANALYZER_NUMBER_OBJECT_CONVERSION = YES_AGGRESSIVE;
				CLANG_CXX_LANGUAGE_STANDARD = "gnu++0x";
				CLANG_CXX_LIBRARY = "libc++";
				CLANG_ENABLE_MODULES = YES;
				CLANG_ENABLE_OBJC_ARC = YES;
				CLANG_WARN_BOOL_CONVERSION = YES;
				CLANG_WARN_CONSTANT_CONVERSION = YES;
				CLANG_WARN_DIRECT_OBJC_ISA_USAGE = YES_ERROR;
				CLANG_WARN_DOCUMENTATION_COMMENTS = YES;
				CLANG_WARN_EMPTY_BODY = YES;
				CLANG_WARN_ENUM_CONVERSION = YES;
				CLANG_WARN_INFINITE_RECURSION = YES;
				CLANG_WARN_INT_CONVERSION = YES;
				CLANG_WARN_OBJC_ROOT_CLASS = YES_ERROR;
				CLANG_WARN_SUSPICIOUS_MOVE = YES;
				CLANG_WARN_UNREACHABLE_CODE = YES;
				CLANG_WARN__DUPLICATE_METHOD_MATCH = YES;
				"CODE_SIGN_IDENTITY[sdk=iphoneos*]" = "iPhone Developer";
				COPY_PHASE_STRIP = NO;
				DEBUG_INFORMATION_FORMAT = "dwarf-with-dsym";
				ENABLE_NS_ASSERTIONS = NO;
				ENABLE_STRICT_OBJC_MSGSEND = YES;
				GCC_C_LANGUAGE_STANDARD = gnu99;
				GCC_NO_COMMON_BLOCKS = YES;
				GCC_WARN_64_TO_32_BIT_CONVERSION = YES;
				GCC_WARN_ABOUT_RETURN_TYPE = YES_ERROR;
				GCC_WARN_UNDECLARED_SELECTOR = YES;
				GCC_WARN_UNINITIALIZED_AUTOS = YES_AGGRESSIVE;
				GCC_WARN_UNUSED_FUNCTION = YES;
				GCC_WARN_UNUSED_VARIABLE = YES;
				IPHONEOS_DEPLOYMENT_TARGET = 10.3;
				MTL_ENABLE_DEBUG_INFO = NO;
				SDKROOT = iphoneos;
				SWIFT_OPTIMIZATION_LEVEL = "-Owholemodule";
				TARGETED_DEVICE_FAMILY = "1,2";
				VALIDATE_PRODUCT = YES;
			};
			name = Release;
		};
		AFD2C793203D50210097BF0C /* Debug */ = {
			isa = XCBuildConfiguration;
			buildSettings = {
				ASSETCATALOG_COMPILER_APPICON_NAME = AppIcon;
				DEVELOPMENT_TEAM = E8R89PF79F;
				INFOPLIST_FILE = LabelAndImage/Info.plist;
				LD_RUNPATH_SEARCH_PATHS = "$(inherited) @executable_path/Frameworks";
				PRODUCT_BUNDLE_IDENTIFIER = Carrene.LabelAndImage;
				PRODUCT_NAME = "$(TARGET_NAME)";
				SWIFT_VERSION = 3.0;
			};
			name = Debug;
		};
		AFD2C794203D50210097BF0C /* Release */ = {
			isa = XCBuildConfiguration;
			buildSettings = {
				ASSETCATALOG_COMPILER_APPICON_NAME = AppIcon;
				DEVELOPMENT_TEAM = E8R89PF79F;
				INFOPLIST_FILE = LabelAndImage/Info.plist;
				LD_RUNPATH_SEARCH_PATHS = "$(inherited) @executable_path/Frameworks";
				PRODUCT_BUNDLE_IDENTIFIER = Carrene.LabelAndImage;
				PRODUCT_NAME = "$(TARGET_NAME)";
				SWIFT_VERSION = 3.0;
			};
			name = Release;
		};
/* End XCBuildConfiguration section */

/* Begin XCConfigurationList section */
		AFD2C77B203D50210097BF0C /* Build configuration list for PBXProject "UpdateLabelSize" */ = {
			isa = XCConfigurationList;
			buildConfigurations = (
				AFD2C790203D50210097BF0C /* Debug */,
				AFD2C791203D50210097BF0C /* Release */,
			);
			defaultConfigurationIsVisible = 0;
			defaultConfigurationName = Release;
		};
		AFD2C792203D50210097BF0C /* Build configuration list for PBXNativeTarget "UpdateLabelSize" */ = {
			isa = XCConfigurationList;
			buildConfigurations = (
				AFD2C793203D50210097BF0C /* Debug */,
				AFD2C794203D50210097BF0C /* Release */,
			);
			defaultConfigurationIsVisible = 0;
			defaultConfigurationName = Release;
		};
/* End XCConfigurationList section */
	};
	rootObject = AFD2C778203D50210097BF0C /* Project object */;
}
